
Microsoft Visual Studio Solution File, Format Version 12.00
# Visual Studio Version 17
VisualStudioVersion = 17.9.34622.214
MinimumVisualStudioVersion = 10.0.40219.1
Project("{FAE04EC0-301F-11D3-BF4B-00C04F79EFBC}") = "WebDevelopmentAndAPI.ThirdDay", "WebDevelopmentAndAPI.ThirdDay.csproj", "{3D6BFB64-21C9-4A28-8CCF-DF9CD9BB54E6}"
EndProject
Global
	GlobalSection(SolutionConfigurationPlatforms) = preSolution
		Debug|Any CPU = Debug|Any CPU
		Release|Any CPU = Release|Any CPU
	EndGlobalSection
	GlobalSection(ProjectConfigurationPlatforms) = postSolution
		{3D6BFB64-21C9-4A28-8CCF-DF9CD9BB54E6}.Debug|Any CPU.ActiveCfg = Debug|Any CPU
		{3D6BFB64-21C9-4A28-8CCF-DF9CD9BB54E6}.Debug|Any CPU.Build.0 = Debug|Any CPU
		{3D6BFB64-21C9-4A28-8CCF-DF9CD9BB54E6}.Release|Any CPU.ActiveCfg = Release|Any CPU
		{3D6BFB64-21C9-4A28-8CCF-DF9CD9BB54E6}.Release|Any CPU.Build.0 = Release|Any CPU
	EndGlobalSection
	GlobalSection(SolutionProperties) = preSolution
		HideSolutionNode = FALSE
	EndGlobalSection
	GlobalSection(ExtensibilityGlobals) = postSolution
		SolutionGuid = {3DA13F57-07B2-467E-99A4-58D70E099CAA}
	EndGlobalSection
EndGlobal
