
Microsoft Visual Studio Solution File, Format Version 12.00
# Visual Studio Version 17
VisualStudioVersion = 17.9.34622.214
MinimumVisualStudioVersion = 10.0.40219.1
Project("{FAE04EC0-301F-11D3-BF4B-00C04F79EFBC}") = "WebDevelopmentAndAPI.SixthDay", "WebDevelopmentAndAPI.SixthDay.csproj", "{30E7BA4E-2316-4030-AF8B-10D71CE1AFAE}"
EndProject
Project("{9A19103F-16F7-4668-BE54-9A1E7A4F7556}") = "WebDevelopmentAndAPI.SecondDay", "..\WebDevelopmentAndAPI.SecondDay\WebDevelopmentAndAPI.SecondDay.csproj", "{5190FB66-4CE6-4F07-82D3-6F325B016FF8}"
EndProject
Global
	GlobalSection(SolutionConfigurationPlatforms) = preSolution
		Debug|Any CPU = Debug|Any CPU
		Release|Any CPU = Release|Any CPU
	EndGlobalSection
	GlobalSection(ProjectConfigurationPlatforms) = postSolution
		{30E7BA4E-2316-4030-AF8B-10D71CE1AFAE}.Debug|Any CPU.ActiveCfg = Debug|Any CPU
		{30E7BA4E-2316-4030-AF8B-10D71CE1AFAE}.Debug|Any CPU.Build.0 = Debug|Any CPU
		{30E7BA4E-2316-4030-AF8B-10D71CE1AFAE}.Release|Any CPU.ActiveCfg = Release|Any CPU
		{30E7BA4E-2316-4030-AF8B-10D71CE1AFAE}.Release|Any CPU.Build.0 = Release|Any CPU
		{5190FB66-4CE6-4F07-82D3-6F325B016FF8}.Debug|Any CPU.ActiveCfg = Debug|Any CPU
		{5190FB66-4CE6-4F07-82D3-6F325B016FF8}.Debug|Any CPU.Build.0 = Debug|Any CPU
		{5190FB66-4CE6-4F07-82D3-6F325B016FF8}.Release|Any CPU.ActiveCfg = Release|Any CPU
		{5190FB66-4CE6-4F07-82D3-6F325B016FF8}.Release|Any CPU.Build.0 = Release|Any CPU
	EndGlobalSection
	GlobalSection(SolutionProperties) = preSolution
		HideSolutionNode = FALSE
	EndGlobalSection
	GlobalSection(ExtensibilityGlobals) = postSolution
		SolutionGuid = {E39C3051-EE1A-4F9B-A20B-4E8272769C4C}
	EndGlobalSection
EndGlobal
