
Microsoft Visual Studio Solution File, Format Version 12.00
# Visual Studio Version 17
VisualStudioVersion = 17.9.34622.214
MinimumVisualStudioVersion = 10.0.40219.1
Project("{FAE04EC0-301F-11D3-BF4B-00C04F79EFBC}") = "WebDevelopmentBasics.Monday", "WebDevelopmentBasics.Monday.csproj", "{9CC81934-D308-452A-AA8B-FF9AD8FAD0D7}"
EndProject
Global
	GlobalSection(SolutionConfigurationPlatforms) = preSolution
		Debug|Any CPU = Debug|Any CPU
		Release|Any CPU = Release|Any CPU
	EndGlobalSection
	GlobalSection(ProjectConfigurationPlatforms) = postSolution
		{9CC81934-D308-452A-AA8B-FF9AD8FAD0D7}.Debug|Any CPU.ActiveCfg = Debug|Any CPU
		{9CC81934-D308-452A-AA8B-FF9AD8FAD0D7}.Debug|Any CPU.Build.0 = Debug|Any CPU
		{9CC81934-D308-452A-AA8B-FF9AD8FAD0D7}.Release|Any CPU.ActiveCfg = Release|Any CPU
		{9CC81934-D308-452A-AA8B-FF9AD8FAD0D7}.Release|Any CPU.Build.0 = Release|Any CPU
	EndGlobalSection
	GlobalSection(SolutionProperties) = preSolution
		HideSolutionNode = FALSE
	EndGlobalSection
	GlobalSection(ExtensibilityGlobals) = postSolution
		SolutionGuid = {CAC35890-3E8E-45A3-A457-73C96EA73892}
	EndGlobalSection
EndGlobal
