
Microsoft Visual Studio Solution File, Format Version 12.00
# Visual Studio Version 17
VisualStudioVersion = 17.9.34622.214
MinimumVisualStudioVersion = 10.0.40219.1
Project("{FAE04EC0-301F-11D3-BF4B-00C04F79EFBC}") = "DelegatesAndEvents_Wednesday", "DelegatesAndEvents_Wednesday.csproj", "{38BFEFA0-313B-4ABC-B136-A3A50C27C864}"
EndProject
Global
	GlobalSection(SolutionConfigurationPlatforms) = preSolution
		Debug|Any CPU = Debug|Any CPU
		Release|Any CPU = Release|Any CPU
	EndGlobalSection
	GlobalSection(ProjectConfigurationPlatforms) = postSolution
		{38BFEFA0-313B-4ABC-B136-A3A50C27C864}.Debug|Any CPU.ActiveCfg = Debug|Any CPU
		{38BFEFA0-313B-4ABC-B136-A3A50C27C864}.Debug|Any CPU.Build.0 = Debug|Any CPU
		{38BFEFA0-313B-4ABC-B136-A3A50C27C864}.Release|Any CPU.ActiveCfg = Release|Any CPU
		{38BFEFA0-313B-4ABC-B136-A3A50C27C864}.Release|Any CPU.Build.0 = Release|Any CPU
	EndGlobalSection
	GlobalSection(SolutionProperties) = preSolution
		HideSolutionNode = FALSE
	EndGlobalSection
	GlobalSection(ExtensibilityGlobals) = postSolution
		SolutionGuid = {18B9CFC7-94A9-42FE-8E7B-6945A3101533}
	EndGlobalSection
EndGlobal
