
Microsoft Visual Studio Solution File, Format Version 12.00
# Visual Studio Version 17
VisualStudioVersion = 17.9.34622.214
MinimumVisualStudioVersion = 10.0.40219.1
Project("{FAE04EC0-301F-11D3-BF4B-00C04F79EFBC}") = "DesignPatterns.Thursday", "DesignPatterns.Thursday.csproj", "{1961C6A4-968E-4E3E-AEB8-0BEA9BF0D7AD}"
EndProject
Global
	GlobalSection(SolutionConfigurationPlatforms) = preSolution
		Debug|Any CPU = Debug|Any CPU
		Release|Any CPU = Release|Any CPU
	EndGlobalSection
	GlobalSection(ProjectConfigurationPlatforms) = postSolution
		{1961C6A4-968E-4E3E-AEB8-0BEA9BF0D7AD}.Debug|Any CPU.ActiveCfg = Debug|Any CPU
		{1961C6A4-968E-4E3E-AEB8-0BEA9BF0D7AD}.Debug|Any CPU.Build.0 = Debug|Any CPU
		{1961C6A4-968E-4E3E-AEB8-0BEA9BF0D7AD}.Release|Any CPU.ActiveCfg = Release|Any CPU
		{1961C6A4-968E-4E3E-AEB8-0BEA9BF0D7AD}.Release|Any CPU.Build.0 = Release|Any CPU
	EndGlobalSection
	GlobalSection(SolutionProperties) = preSolution
		HideSolutionNode = FALSE
	EndGlobalSection
	GlobalSection(ExtensibilityGlobals) = postSolution
		SolutionGuid = {60807291-EB69-4D63-B7F7-2E7A2DF17201}
	EndGlobalSection
EndGlobal
